
Microsoft Visual Studio Solution File, Format Version 12.00
# Visual Studio Version 17
VisualStudioVersion = 17.6.33829.357
MinimumVisualStudioVersion = 10.0.40219.1
Project("{FAE04EC0-301F-11D3-BF4B-00C04F79EFBC}") = "Ortalama_Hesaplama", "Ortalama_Hesaplama\Ortalama_Hesaplama.csproj", "{ADF6E519-2260-4EE0-AB66-2B747EA75D08}"
EndProject
Project("{FAE04EC0-301F-11D3-BF4B-00C04F79EFBC}") = "Ucgen_Cizme", "Ucgen_Cizme\Ucgen_Cizme.csproj", "{BE653772-069B-4E85-9472-568806E3DA91}"
EndProject
Project("{FAE04EC0-301F-11D3-BF4B-00C04F79EFBC}") = "Daire_Cizme", "Daire_Cizme\Daire_Cizme.csproj", "{5BB1FBE1-BD42-4348-AB2C-7E2B430CDBB9}"
EndProject
Project("{FAE04EC0-301F-11D3-BF4B-00C04F79EFBC}") = "Algoritma", "Algoritma\Algoritma.csproj", "{1F4D0E30-FD57-48B6-AAC0-E63C34EFCB6C}"
EndProject
Project("{FAE04EC0-301F-11D3-BF4B-00C04F79EFBC}") = "Karakter_Tersten_Yazdırma", "Karakter_Tersten_Yazdırma\Karakter_Tersten_Yazdırma.csproj", "{AA1847D0-E127-4DEF-931E-43FBE2F7BB3A}"
EndProject
Project("{FAE04EC0-301F-11D3-BF4B-00C04F79EFBC}") = "Alan_Hesaplama", "Alan_Hesaplama\Alan_Hesaplama.csproj", "{BB6E1D7E-ABF8-4953-BD58-675CB0D09EBF}"
EndProject
Global
	GlobalSection(SolutionConfigurationPlatforms) = preSolution
		Debug|Any CPU = Debug|Any CPU
		Release|Any CPU = Release|Any CPU
	EndGlobalSection
	GlobalSection(ProjectConfigurationPlatforms) = postSolution
		{ADF6E519-2260-4EE0-AB66-2B747EA75D08}.Debug|Any CPU.ActiveCfg = Debug|Any CPU
		{ADF6E519-2260-4EE0-AB66-2B747EA75D08}.Debug|Any CPU.Build.0 = Debug|Any CPU
		{ADF6E519-2260-4EE0-AB66-2B747EA75D08}.Release|Any CPU.ActiveCfg = Release|Any CPU
		{ADF6E519-2260-4EE0-AB66-2B747EA75D08}.Release|Any CPU.Build.0 = Release|Any CPU
		{BE653772-069B-4E85-9472-568806E3DA91}.Debug|Any CPU.ActiveCfg = Debug|Any CPU
		{BE653772-069B-4E85-9472-568806E3DA91}.Debug|Any CPU.Build.0 = Debug|Any CPU
		{BE653772-069B-4E85-9472-568806E3DA91}.Release|Any CPU.ActiveCfg = Release|Any CPU
		{BE653772-069B-4E85-9472-568806E3DA91}.Release|Any CPU.Build.0 = Release|Any CPU
		{5BB1FBE1-BD42-4348-AB2C-7E2B430CDBB9}.Debug|Any CPU.ActiveCfg = Debug|Any CPU
		{5BB1FBE1-BD42-4348-AB2C-7E2B430CDBB9}.Debug|Any CPU.Build.0 = Debug|Any CPU
		{5BB1FBE1-BD42-4348-AB2C-7E2B430CDBB9}.Release|Any CPU.ActiveCfg = Release|Any CPU
		{5BB1FBE1-BD42-4348-AB2C-7E2B430CDBB9}.Release|Any CPU.Build.0 = Release|Any CPU
		{1F4D0E30-FD57-48B6-AAC0-E63C34EFCB6C}.Debug|Any CPU.ActiveCfg = Debug|Any CPU
		{1F4D0E30-FD57-48B6-AAC0-E63C34EFCB6C}.Debug|Any CPU.Build.0 = Debug|Any CPU
		{1F4D0E30-FD57-48B6-AAC0-E63C34EFCB6C}.Release|Any CPU.ActiveCfg = Release|Any CPU
		{1F4D0E30-FD57-48B6-AAC0-E63C34EFCB6C}.Release|Any CPU.Build.0 = Release|Any CPU
		{AA1847D0-E127-4DEF-931E-43FBE2F7BB3A}.Debug|Any CPU.ActiveCfg = Debug|Any CPU
		{AA1847D0-E127-4DEF-931E-43FBE2F7BB3A}.Debug|Any CPU.Build.0 = Debug|Any CPU
		{AA1847D0-E127-4DEF-931E-43FBE2F7BB3A}.Release|Any CPU.ActiveCfg = Release|Any CPU
		{AA1847D0-E127-4DEF-931E-43FBE2F7BB3A}.Release|Any CPU.Build.0 = Release|Any CPU
		{BB6E1D7E-ABF8-4953-BD58-675CB0D09EBF}.Debug|Any CPU.ActiveCfg = Debug|Any CPU
		{BB6E1D7E-ABF8-4953-BD58-675CB0D09EBF}.Debug|Any CPU.Build.0 = Debug|Any CPU
		{BB6E1D7E-ABF8-4953-BD58-675CB0D09EBF}.Release|Any CPU.ActiveCfg = Release|Any CPU
		{BB6E1D7E-ABF8-4953-BD58-675CB0D09EBF}.Release|Any CPU.Build.0 = Release|Any CPU
	EndGlobalSection
	GlobalSection(SolutionProperties) = preSolution
		HideSolutionNode = FALSE
	EndGlobalSection
	GlobalSection(ExtensibilityGlobals) = postSolution
		SolutionGuid = {7532A55B-9D47-4160-BF55-BA19F9524D45}
	EndGlobalSection
EndGlobal
